
Microsoft Visual Studio Solution File, Format Version 12.00
# Visual Studio Version 17
VisualStudioVersion = 17.9.34714.143
MinimumVisualStudioVersion = 10.0.40219.1
Project("{FAE04EC0-301F-11D3-BF4B-00C04F79EFBC}") = "AwesomeDevEvents.API", "AwesomeDevEvents.API\AwesomeDevEvents.API.csproj", "{F83470BC-96F0-4EF5-B83A-33DF694AB943}"
EndProject
Global
	GlobalSection(SolutionConfigurationPlatforms) = preSolution
		Debug|Any CPU = Debug|Any CPU
		Release|Any CPU = Release|Any CPU
	EndGlobalSection
	GlobalSection(ProjectConfigurationPlatforms) = postSolution
		{F83470BC-96F0-4EF5-B83A-33DF694AB943}.Debug|Any CPU.ActiveCfg = Debug|Any CPU
		{F83470BC-96F0-4EF5-B83A-33DF694AB943}.Debug|Any CPU.Build.0 = Debug|Any CPU
		{F83470BC-96F0-4EF5-B83A-33DF694AB943}.Release|Any CPU.ActiveCfg = Release|Any CPU
		{F83470BC-96F0-4EF5-B83A-33DF694AB943}.Release|Any CPU.Build.0 = Release|Any CPU
	EndGlobalSection
	GlobalSection(SolutionProperties) = preSolution
		HideSolutionNode = FALSE
	EndGlobalSection
	GlobalSection(ExtensibilityGlobals) = postSolution
		SolutionGuid = {B0D8C923-CD18-4D2F-95B9-B0DEE82DA152}
	EndGlobalSection
EndGlobal
